{
  "name": "zero-zero-app",
  "version": "1.0.0",
  "lockfileVersion": 2,
  "dependencies": {
    "react": {
      "version": "18.2.0",
      "resolved": "https://registry.npmjs.org/react/-/react-18.2.0.tgz",
      "integrity": "sha512-PnxYmNJpgltFq+kKXI7zFne/qkRm+6Tq65rM2f8ktVhZXh33GyadXZk9xGeq+K8FegD3Ev+J6VpxPZmbrvlAIA=="
    },
    "vite": {
      "version": "3.0.0",
      "resolved": "https://registry.npmjs.org/vite/-/vite-3.0.0.tgz",
      "integrity": "sha512-bTKwWmXm5d+f7mjE6rFvF6gXrp7Cx4LsbbfMx+f/k6kNxh+sGCKEoSsbW2yMyLZQK6dFVxLf9f3wAW55o77xnA=="
    }
  }
}